
Microsoft Visual Studio Solution File, Format Version 12.00
# Visual Studio Version 17
VisualStudioVersion = 17.5.33530.505
MinimumVisualStudioVersion = 10.0.40219.1
Project("{FAE04EC0-301F-11D3-BF4B-00C04F79EFBC}") = "ConsumirAPIMcDonalds", "ConsumirAPIMcDonalds\ConsumirAPIMcDonalds.csproj", "{2B02ACD1-2C21-4ED3-8307-B4DE4E35B58C}"
EndProject
Global
	GlobalSection(SolutionConfigurationPlatforms) = preSolution
		Debug|Any CPU = Debug|Any CPU
		Release|Any CPU = Release|Any CPU
	EndGlobalSection
	GlobalSection(ProjectConfigurationPlatforms) = postSolution
		{2B02ACD1-2C21-4ED3-8307-B4DE4E35B58C}.Debug|Any CPU.ActiveCfg = Debug|Any CPU
		{2B02ACD1-2C21-4ED3-8307-B4DE4E35B58C}.Debug|Any CPU.Build.0 = Debug|Any CPU
		{2B02ACD1-2C21-4ED3-8307-B4DE4E35B58C}.Release|Any CPU.ActiveCfg = Release|Any CPU
		{2B02ACD1-2C21-4ED3-8307-B4DE4E35B58C}.Release|Any CPU.Build.0 = Release|Any CPU
	EndGlobalSection
	GlobalSection(SolutionProperties) = preSolution
		HideSolutionNode = FALSE
	EndGlobalSection
	GlobalSection(ExtensibilityGlobals) = postSolution
		SolutionGuid = {D565AE87-5493-42D2-8120-6DD8A42C630D}
	EndGlobalSection
EndGlobal
